
Microsoft Visual Studio Solution File, Format Version 12.00
# Visual Studio Version 17
VisualStudioVersion = 17.3.32929.385
MinimumVisualStudioVersion = 10.0.40219.1
Project("{888888A0-9F3D-457C-B088-3A5042F75D52}") = "letterrecognition", "letterrecognition.pyproj", "{D78D5EFB-A423-4F4D-BBD4-1F420811A423}"
EndProject
Global
	GlobalSection(SolutionConfigurationPlatforms) = preSolution
		Debug|Any CPU = Debug|Any CPU
		Release|Any CPU = Release|Any CPU
	EndGlobalSection
	GlobalSection(ProjectConfigurationPlatforms) = postSolution
		{D78D5EFB-A423-4F4D-BBD4-1F420811A423}.Debug|Any CPU.ActiveCfg = Debug|Any CPU
		{D78D5EFB-A423-4F4D-BBD4-1F420811A423}.Release|Any CPU.ActiveCfg = Release|Any CPU
	EndGlobalSection
	GlobalSection(SolutionProperties) = preSolution
		HideSolutionNode = FALSE
	EndGlobalSection
	GlobalSection(ExtensibilityGlobals) = postSolution
		SolutionGuid = {2EC1CA5A-390F-48EF-8CA6-AD39D83DB022}
	EndGlobalSection
EndGlobal
